// !$*UTF8*$!
{
	archiveVersion = 1;
	classes = {
	};
	objectVersion = 46;
	objects = {

/* Begin PBXBuildFile section */
		317147A01F5FE349001ED7EB /* main.m in Sources */ = {isa = PBXBuildFile; fileRef = 3171479F1F5FE349001ED7EB /* main.m */; };
		317147A31F5FE349001ED7EB /* AppDelegate.m in Sources */ = {isa = PBXBuildFile; fileRef = 317147A21F5FE349001ED7EB /* AppDelegate.m */; };
		317147A61F5FE349001ED7EB /* ViewController.m in Sources */ = {isa = PBXBuildFile; fileRef = 317147A51F5FE349001ED7EB /* ViewController.m */; };
		317147A91F5FE349001ED7EB /* Main.storyboard in Resources */ = {isa = PBXBuildFile; fileRef = 317147A71F5FE349001ED7EB /* Main.storyboard */; };
		317147AB1F5FE349001ED7EB /* Assets.xcassets in Resources */ = {isa = PBXBuildFile; fileRef = 317147AA1F5FE349001ED7EB /* Assets.xcassets */; };
		317147AE1F5FE349001ED7EB /* LaunchScreen.storyboard in Resources */ = {isa = PBXBuildFile; fileRef = 317147AC1F5FE349001ED7EB /* LaunchScreen.storyboard */; };
		317147B91F5FE34A001ED7EB /* ExampleTests.m in Sources */ = {isa = PBXBuildFile; fileRef = 317147B81F5FE34A001ED7EB /* ExampleTests.m */; };
		317147CD1F5FE5B6001ED7EB /* JanyMapManager.podspec in Resources */ = {isa = PBXBuildFile; fileRef = 317147CA1F5FE5B6001ED7EB /* JanyMapManager.podspec */; };
		317147CE1F5FE5B6001ED7EB /* JanyMapManager.podspec in Resources */ = {isa = PBXBuildFile; fileRef = 317147CA1F5FE5B6001ED7EB /* JanyMapManager.podspec */; };
		317147CF1F5FE5B6001ED7EB /* LICENSE in Resources */ = {isa = PBXBuildFile; fileRef = 317147CB1F5FE5B6001ED7EB /* LICENSE */; };
		317147D01F5FE5B6001ED7EB /* LICENSE in Resources */ = {isa = PBXBuildFile; fileRef = 317147CB1F5FE5B6001ED7EB /* LICENSE */; };
		317147D11F5FE5B6001ED7EB /* README.md in Sources */ = {isa = PBXBuildFile; fileRef = 317147CC1F5FE5B6001ED7EB /* README.md */; };
		317147D21F5FE5B6001ED7EB /* README.md in Sources */ = {isa = PBXBuildFile; fileRef = 317147CC1F5FE5B6001ED7EB /* README.md */; };
		317147D51F5FE82B001ED7EB /* JanyBaseMapView.m in Sources */ = {isa = PBXBuildFile; fileRef = 317147D41F5FE82B001ED7EB /* JanyBaseMapView.m */; };
		317147D81F5FE83F001ED7EB /* JanyBaiduMapView.m in Sources */ = {isa = PBXBuildFile; fileRef = 317147D71F5FE83F001ED7EB /* JanyBaiduMapView.m */; };
		317147DB1F5FE84B001ED7EB /* JanyGoogleMapView.m in Sources */ = {isa = PBXBuildFile; fileRef = 317147DA1F5FE84B001ED7EB /* JanyGoogleMapView.m */; };
		317147DE1F5FE851001ED7EB /* JanyMAMapMapView.m in Sources */ = {isa = PBXBuildFile; fileRef = 317147DD1F5FE850001ED7EB /* JanyMAMapMapView.m */; };
		3179FF391F667B6D00885601 /* startPoint@2x.png in Resources */ = {isa = PBXBuildFile; fileRef = 3179FF371F667B6D00885601 /* startPoint@2x.png */; };
		3179FF3A1F667B6D00885601 /* endPoint@2x.png in Resources */ = {isa = PBXBuildFile; fileRef = 3179FF381F667B6D00885601 /* endPoint@2x.png */; };
		3179FF3D1F667BFD00885601 /* homePage_wholeAnchor@2x.png in Resources */ = {isa = PBXBuildFile; fileRef = 3179FF3B1F667BFD00885601 /* homePage_wholeAnchor@2x.png */; };
		3179FF3E1F667BFD00885601 /* HomePage_anchorBackground@2x.png in Resources */ = {isa = PBXBuildFile; fileRef = 3179FF3C1F667BFD00885601 /* HomePage_anchorBackground@2x.png */; };
		3179FF401F667C0500885601 /* startAnnoImage@2x.png in Resources */ = {isa = PBXBuildFile; fileRef = 3179FF3F1F667C0500885601 /* startAnnoImage@2x.png */; };
		317B8DC81F60D3460069BEA1 /* UserLocation.m in Sources */ = {isa = PBXBuildFile; fileRef = 317B8DC71F60D3460069BEA1 /* UserLocation.m */; };
		317B8DCE1F6118B70069BEA1 /* JZLocationConverter.m in Sources */ = {isa = PBXBuildFile; fileRef = 317B8DCD1F6118B70069BEA1 /* JZLocationConverter.m */; };
		317B8DD11F61260A0069BEA1 /* JanyGeoCodeSearch.m in Sources */ = {isa = PBXBuildFile; fileRef = 317B8DD01F61260A0069BEA1 /* JanyGeoCodeSearch.m */; };
		317B8DD41F6137D10069BEA1 /* PointAnnotation.m in Sources */ = {isa = PBXBuildFile; fileRef = 317B8DD31F6137D10069BEA1 /* PointAnnotation.m */; };
		319161E61F6770FE005C0B51 /* MovePolyline.m in Sources */ = {isa = PBXBuildFile; fileRef = 319161E51F6770FE005C0B51 /* MovePolyline.m */; };
		319161E91F677205005C0B51 /* MovePointAnnotation.m in Sources */ = {isa = PBXBuildFile; fileRef = 319161E81F677205005C0B51 /* MovePointAnnotation.m */; };
		319161EC1F677C2A005C0B51 /* DVPinAnnotationView.m in Sources */ = {isa = PBXBuildFile; fileRef = 319161EB1F677C2A005C0B51 /* DVPinAnnotationView.m */; };
		319161EF1F67D74D005C0B51 /* FenceCentreAnnotation.m in Sources */ = {isa = PBXBuildFile; fileRef = 319161EE1F67D74D005C0B51 /* FenceCentreAnnotation.m */; };
		319161F11F67DD8F005C0B51 /* arrowTexture.png in Resources */ = {isa = PBXBuildFile; fileRef = 319161F01F67DD8F005C0B51 /* arrowTexture.png */; };
		31A8BBF21F68BB800027A107 /* BMKClusterAlgorithm.m in Sources */ = {isa = PBXBuildFile; fileRef = 31A8BBEB1F68BB800027A107 /* BMKClusterAlgorithm.m */; };
		31A8BBF31F68BB800027A107 /* BMKClusterItem.m in Sources */ = {isa = PBXBuildFile; fileRef = 31A8BBED1F68BB800027A107 /* BMKClusterItem.m */; };
		31A8BBF41F68BB800027A107 /* BMKClusterManager.m in Sources */ = {isa = PBXBuildFile; fileRef = 31A8BBEF1F68BB800027A107 /* BMKClusterManager.m */; };
		31A8BBF51F68BB800027A107 /* BMKClusterQuadtree.m in Sources */ = {isa = PBXBuildFile; fileRef = 31A8BBF11F68BB800027A107 /* BMKClusterQuadtree.m */; };
		31AE802F1F6230D500531E54 /* PaopaoCustomView.m in Sources */ = {isa = PBXBuildFile; fileRef = 31AE802E1F6230D500531E54 /* PaopaoCustomView.m */; };
		31AE80321F62675700531E54 /* Model.m in Sources */ = {isa = PBXBuildFile; fileRef = 31AE80311F62675700531E54 /* Model.m */; };
		31AE80351F627B5F00531E54 /* GuiJiAnnotation.m in Sources */ = {isa = PBXBuildFile; fileRef = 31AE80341F627B5F00531E54 /* GuiJiAnnotation.m */; };
		7C3E5A714D38FE148FE7E8EC /* libPods-Example.a in Frameworks */ = {isa = PBXBuildFile; fileRef = 6A5710FD652FCDB7447334B7 /* libPods-Example.a */; };
/* End PBXBuildFile section */

/* Begin PBXContainerItemProxy section */
		317147B51F5FE34A001ED7EB /* PBXContainerItemProxy */ = {
			isa = PBXContainerItemProxy;
			containerPortal = 317147931F5FE349001ED7EB /* Project object */;
			proxyType = 1;
			remoteGlobalIDString = 3171479A1F5FE349001ED7EB;
			remoteInfo = Example;
		};
/* End PBXContainerItemProxy section */

/* Begin PBXFileReference section */
		2C01A434AD42BB70913B8682 /* Pods-Example.release.xcconfig */ = {isa = PBXFileReference; includeInIndex = 1; lastKnownFileType = text.xcconfig; name = "Pods-Example.release.xcconfig"; path = "Pods/Target Support Files/Pods-Example/Pods-Example.release.xcconfig"; sourceTree = "<group>"; };
		3171479B1F5FE349001ED7EB /* Example.app */ = {isa = PBXFileReference; explicitFileType = wrapper.application; includeInIndex = 0; path = Example.app; sourceTree = BUILT_PRODUCTS_DIR; };
		3171479F1F5FE349001ED7EB /* main.m */ = {isa = PBXFileReference; lastKnownFileType = sourcecode.c.objc; path = main.m; sourceTree = "<group>"; };
		317147A11F5FE349001ED7EB /* AppDelegate.h */ = {isa = PBXFileReference; lastKnownFileType = sourcecode.c.h; path = AppDelegate.h; sourceTree = "<group>"; };
		317147A21F5FE349001ED7EB /* AppDelegate.m */ = {isa = PBXFileReference; lastKnownFileType = sourcecode.c.objc; path = AppDelegate.m; sourceTree = "<group>"; };
		317147A41F5FE349001ED7EB /* ViewController.h */ = {isa = PBXFileReference; lastKnownFileType = sourcecode.c.h; path = ViewController.h; sourceTree = "<group>"; };
		317147A51F5FE349001ED7EB /* ViewController.m */ = {isa = PBXFileReference; lastKnownFileType = sourcecode.c.objc; path = ViewController.m; sourceTree = "<group>"; };
		317147A81F5FE349001ED7EB /* Base */ = {isa = PBXFileReference; lastKnownFileType = file.storyboard; name = Base; path = Base.lproj/Main.storyboard; sourceTree = "<group>"; };
		317147AA1F5FE349001ED7EB /* Assets.xcassets */ = {isa = PBXFileReference; lastKnownFileType = folder.assetcatalog; path = Assets.xcassets; sourceTree = "<group>"; };
		317147AD1F5FE349001ED7EB /* Base */ = {isa = PBXFileReference; lastKnownFileType = file.storyboard; name = Base; path = Base.lproj/LaunchScreen.storyboard; sourceTree = "<group>"; };
		317147AF1F5FE349001ED7EB /* Info.plist */ = {isa = PBXFileReference; lastKnownFileType = text.plist.xml; path = Info.plist; sourceTree = "<group>"; };
		317147B41F5FE34A001ED7EB /* ExampleTests.xctest */ = {isa = PBXFileReference; explicitFileType = wrapper.cfbundle; includeInIndex = 0; path = ExampleTests.xctest; sourceTree = BUILT_PRODUCTS_DIR; };
		317147B81F5FE34A001ED7EB /* ExampleTests.m */ = {isa = PBXFileReference; lastKnownFileType = sourcecode.c.objc; path = ExampleTests.m; sourceTree = "<group>"; };
		317147BA1F5FE34A001ED7EB /* Info.plist */ = {isa = PBXFileReference; lastKnownFileType = text.plist.xml; path = Info.plist; sourceTree = "<group>"; };
		317147CA1F5FE5B6001ED7EB /* JanyMapManager.podspec */ = {isa = PBXFileReference; fileEncoding = 4; lastKnownFileType = text; name = JanyMapManager.podspec; path = ../JanyMapManager.podspec; sourceTree = "<group>"; };
		317147CB1F5FE5B6001ED7EB /* LICENSE */ = {isa = PBXFileReference; fileEncoding = 4; lastKnownFileType = text; name = LICENSE; path = ../LICENSE; sourceTree = "<group>"; };
		317147CC1F5FE5B6001ED7EB /* README.md */ = {isa = PBXFileReference; fileEncoding = 4; lastKnownFileType = net.daringfireball.markdown; name = README.md; path = ../README.md; sourceTree = "<group>"; };
		317147D31F5FE82B001ED7EB /* JanyBaseMapView.h */ = {isa = PBXFileReference; fileEncoding = 4; lastKnownFileType = sourcecode.c.h; path = JanyBaseMapView.h; sourceTree = "<group>"; };
		317147D41F5FE82B001ED7EB /* JanyBaseMapView.m */ = {isa = PBXFileReference; fileEncoding = 4; lastKnownFileType = sourcecode.c.objc; path = JanyBaseMapView.m; sourceTree = "<group>"; };
		317147D61F5FE83F001ED7EB /* JanyBaiduMapView.h */ = {isa = PBXFileReference; fileEncoding = 4; lastKnownFileType = sourcecode.c.h; path = JanyBaiduMapView.h; sourceTree = "<group>"; };
		317147D71F5FE83F001ED7EB /* JanyBaiduMapView.m */ = {isa = PBXFileReference; fileEncoding = 4; lastKnownFileType = sourcecode.c.objc; path = JanyBaiduMapView.m; sourceTree = "<group>"; };
		317147D91F5FE84B001ED7EB /* JanyGoogleMapView.h */ = {isa = PBXFileReference; fileEncoding = 4; lastKnownFileType = sourcecode.c.h; path = JanyGoogleMapView.h; sourceTree = "<group>"; };
		317147DA1F5FE84B001ED7EB /* JanyGoogleMapView.m */ = {isa = PBXFileReference; fileEncoding = 4; lastKnownFileType = sourcecode.c.objc; path = JanyGoogleMapView.m; sourceTree = "<group>"; };
		317147DC1F5FE850001ED7EB /* JanyMAMapMapView.h */ = {isa = PBXFileReference; fileEncoding = 4; lastKnownFileType = sourcecode.c.h; path = JanyMAMapMapView.h; sourceTree = "<group>"; };
		317147DD1F5FE850001ED7EB /* JanyMAMapMapView.m */ = {isa = PBXFileReference; fileEncoding = 4; lastKnownFileType = sourcecode.c.objc; path = JanyMAMapMapView.m; sourceTree = "<group>"; };
		3179FF371F667B6D00885601 /* startPoint@2x.png */ = {isa = PBXFileReference; lastKnownFileType = image.png; path = "startPoint@2x.png"; sourceTree = "<group>"; };
		3179FF381F667B6D00885601 /* endPoint@2x.png */ = {isa = PBXFileReference; lastKnownFileType = image.png; path = "endPoint@2x.png"; sourceTree = "<group>"; };
		3179FF3B1F667BFD00885601 /* homePage_wholeAnchor@2x.png */ = {isa = PBXFileReference; lastKnownFileType = image.png; path = "homePage_wholeAnchor@2x.png"; sourceTree = "<group>"; };
		3179FF3C1F667BFD00885601 /* HomePage_anchorBackground@2x.png */ = {isa = PBXFileReference; lastKnownFileType = image.png; path = "HomePage_anchorBackground@2x.png"; sourceTree = "<group>"; };
		3179FF3F1F667C0500885601 /* startAnnoImage@2x.png */ = {isa = PBXFileReference; lastKnownFileType = image.png; path = "startAnnoImage@2x.png"; sourceTree = "<group>"; };
		317B8DC61F60D3460069BEA1 /* UserLocation.h */ = {isa = PBXFileReference; fileEncoding = 4; lastKnownFileType = sourcecode.c.h; path = UserLocation.h; sourceTree = "<group>"; };
		317B8DC71F60D3460069BEA1 /* UserLocation.m */ = {isa = PBXFileReference; fileEncoding = 4; lastKnownFileType = sourcecode.c.objc; path = UserLocation.m; sourceTree = "<group>"; };
		317B8DCC1F6118B70069BEA1 /* JZLocationConverter.h */ = {isa = PBXFileReference; fileEncoding = 4; lastKnownFileType = sourcecode.c.h; path = JZLocationConverter.h; sourceTree = "<group>"; };
		317B8DCD1F6118B70069BEA1 /* JZLocationConverter.m */ = {isa = PBXFileReference; fileEncoding = 4; lastKnownFileType = sourcecode.c.objc; path = JZLocationConverter.m; sourceTree = "<group>"; };
		317B8DCF1F61260A0069BEA1 /* JanyGeoCodeSearch.h */ = {isa = PBXFileReference; fileEncoding = 4; lastKnownFileType = sourcecode.c.h; path = JanyGeoCodeSearch.h; sourceTree = "<group>"; };
		317B8DD01F61260A0069BEA1 /* JanyGeoCodeSearch.m */ = {isa = PBXFileReference; fileEncoding = 4; lastKnownFileType = sourcecode.c.objc; path = JanyGeoCodeSearch.m; sourceTree = "<group>"; };
		317B8DD21F6137D10069BEA1 /* PointAnnotation.h */ = {isa = PBXFileReference; fileEncoding = 4; lastKnownFileType = sourcecode.c.h; path = PointAnnotation.h; sourceTree = "<group>"; };
		317B8DD31F6137D10069BEA1 /* PointAnnotation.m */ = {isa = PBXFileReference; fileEncoding = 4; lastKnownFileType = sourcecode.c.objc; path = PointAnnotation.m; sourceTree = "<group>"; };
		319161E41F6770FE005C0B51 /* MovePolyline.h */ = {isa = PBXFileReference; fileEncoding = 4; lastKnownFileType = sourcecode.c.h; path = MovePolyline.h; sourceTree = "<group>"; };
		319161E51F6770FE005C0B51 /* MovePolyline.m */ = {isa = PBXFileReference; fileEncoding = 4; lastKnownFileType = sourcecode.c.objc; path = MovePolyline.m; sourceTree = "<group>"; };
		319161E71F677205005C0B51 /* MovePointAnnotation.h */ = {isa = PBXFileReference; fileEncoding = 4; lastKnownFileType = sourcecode.c.h; path = MovePointAnnotation.h; sourceTree = "<group>"; };
		319161E81F677205005C0B51 /* MovePointAnnotation.m */ = {isa = PBXFileReference; fileEncoding = 4; lastKnownFileType = sourcecode.c.objc; path = MovePointAnnotation.m; sourceTree = "<group>"; };
		319161EA1F677C2A005C0B51 /* DVPinAnnotationView.h */ = {isa = PBXFileReference; fileEncoding = 4; lastKnownFileType = sourcecode.c.h; path = DVPinAnnotationView.h; sourceTree = "<group>"; };
		319161EB1F677C2A005C0B51 /* DVPinAnnotationView.m */ = {isa = PBXFileReference; fileEncoding = 4; lastKnownFileType = sourcecode.c.objc; path = DVPinAnnotationView.m; sourceTree = "<group>"; };
		319161ED1F67D74D005C0B51 /* FenceCentreAnnotation.h */ = {isa = PBXFileReference; fileEncoding = 4; lastKnownFileType = sourcecode.c.h; path = FenceCentreAnnotation.h; sourceTree = "<group>"; };
		319161EE1F67D74D005C0B51 /* FenceCentreAnnotation.m */ = {isa = PBXFileReference; fileEncoding = 4; lastKnownFileType = sourcecode.c.objc; path = FenceCentreAnnotation.m; sourceTree = "<group>"; };
		319161F01F67DD8F005C0B51 /* arrowTexture.png */ = {isa = PBXFileReference; lastKnownFileType = image.png; path = arrowTexture.png; sourceTree = "<group>"; };
		31A8BBEA1F68BB800027A107 /* BMKClusterAlgorithm.h */ = {isa = PBXFileReference; fileEncoding = 4; lastKnownFileType = sourcecode.c.h; path = BMKClusterAlgorithm.h; sourceTree = "<group>"; };
		31A8BBEB1F68BB800027A107 /* BMKClusterAlgorithm.m */ = {isa = PBXFileReference; fileEncoding = 4; lastKnownFileType = sourcecode.c.objc; path = BMKClusterAlgorithm.m; sourceTree = "<group>"; };
		31A8BBEC1F68BB800027A107 /* BMKClusterItem.h */ = {isa = PBXFileReference; fileEncoding = 4; lastKnownFileType = sourcecode.c.h; path = BMKClusterItem.h; sourceTree = "<group>"; };
		31A8BBED1F68BB800027A107 /* BMKClusterItem.m */ = {isa = PBXFileReference; fileEncoding = 4; lastKnownFileType = sourcecode.c.objc; path = BMKClusterItem.m; sourceTree = "<group>"; };
		31A8BBEE1F68BB800027A107 /* BMKClusterManager.h */ = {isa = PBXFileReference; fileEncoding = 4; lastKnownFileType = sourcecode.c.h; path = BMKClusterManager.h; sourceTree = "<group>"; };
		31A8BBEF1F68BB800027A107 /* BMKClusterManager.m */ = {isa = PBXFileReference; fileEncoding = 4; lastKnownFileType = sourcecode.c.objc; path = BMKClusterManager.m; sourceTree = "<group>"; };
		31A8BBF01F68BB800027A107 /* BMKClusterQuadtree.h */ = {isa = PBXFileReference; fileEncoding = 4; lastKnownFileType = sourcecode.c.h; path = BMKClusterQuadtree.h; sourceTree = "<group>"; };
		31A8BBF11F68BB800027A107 /* BMKClusterQuadtree.m */ = {isa = PBXFileReference; fileEncoding = 4; lastKnownFileType = sourcecode.c.objc; path = BMKClusterQuadtree.m; sourceTree = "<group>"; };
		31AE802D1F6230D500531E54 /* PaopaoCustomView.h */ = {isa = PBXFileReference; fileEncoding = 4; lastKnownFileType = sourcecode.c.h; path = PaopaoCustomView.h; sourceTree = "<group>"; };
		31AE802E1F6230D500531E54 /* PaopaoCustomView.m */ = {isa = PBXFileReference; fileEncoding = 4; lastKnownFileType = sourcecode.c.objc; path = PaopaoCustomView.m; sourceTree = "<group>"; };
		31AE80301F62675700531E54 /* Model.h */ = {isa = PBXFileReference; fileEncoding = 4; lastKnownFileType = sourcecode.c.h; path = Model.h; sourceTree = "<group>"; };
		31AE80311F62675700531E54 /* Model.m */ = {isa = PBXFileReference; fileEncoding = 4; lastKnownFileType = sourcecode.c.objc; path = Model.m; sourceTree = "<group>"; };
		31AE80331F627B5F00531E54 /* GuiJiAnnotation.h */ = {isa = PBXFileReference; fileEncoding = 4; lastKnownFileType = sourcecode.c.h; path = GuiJiAnnotation.h; sourceTree = "<group>"; };
		31AE80341F627B5F00531E54 /* GuiJiAnnotation.m */ = {isa = PBXFileReference; fileEncoding = 4; lastKnownFileType = sourcecode.c.objc; path = GuiJiAnnotation.m; sourceTree = "<group>"; };
		6A5710FD652FCDB7447334B7 /* libPods-Example.a */ = {isa = PBXFileReference; explicitFileType = archive.ar; includeInIndex = 0; path = "libPods-Example.a"; sourceTree = BUILT_PRODUCTS_DIR; };
		933CB4C5C5CBF9CF6838CE75 /* Pods-Example.debug.xcconfig */ = {isa = PBXFileReference; includeInIndex = 1; lastKnownFileType = text.xcconfig; name = "Pods-Example.debug.xcconfig"; path = "Pods/Target Support Files/Pods-Example/Pods-Example.debug.xcconfig"; sourceTree = "<group>"; };
/* End PBXFileReference section */

/* Begin PBXFrameworksBuildPhase section */
		317147981F5FE349001ED7EB /* Frameworks */ = {
			isa = PBXFrameworksBuildPhase;
			buildActionMask = 2147483647;
			files = (
				7C3E5A714D38FE148FE7E8EC /* libPods-Example.a in Frameworks */,
			);
			runOnlyForDeploymentPostprocessing = 0;
		};
		317147B11F5FE349001ED7EB /* Frameworks */ = {
			isa = PBXFrameworksBuildPhase;
			buildActionMask = 2147483647;
			files = (
			);
			runOnlyForDeploymentPostprocessing = 0;
		};
/* End PBXFrameworksBuildPhase section */

/* Begin PBXGroup section */
		317147921F5FE349001ED7EB = {
			isa = PBXGroup;
			children = (
				317147C91F5FE59D001ED7EB /* Podspec Metadata */,
				3171479D1F5FE349001ED7EB /* Example */,
				317147B71F5FE34A001ED7EB /* ExampleTests */,
				3171479C1F5FE349001ED7EB /* Products */,
				53028841E145E652FD92383F /* Pods */,
				CC2333D380B22C9428EA44BC /* Frameworks */,
			);
			sourceTree = "<group>";
		};
		3171479C1F5FE349001ED7EB /* Products */ = {
			isa = PBXGroup;
			children = (
				3171479B1F5FE349001ED7EB /* Example.app */,
				317147B41F5FE34A001ED7EB /* ExampleTests.xctest */,
			);
			name = Products;
			sourceTree = "<group>";
		};
		3171479D1F5FE349001ED7EB /* Example */ = {
			isa = PBXGroup;
			children = (
				317147C31F5FE398001ED7EB /* JanyMapManager */,
				317147A11F5FE349001ED7EB /* AppDelegate.h */,
				317147A21F5FE349001ED7EB /* AppDelegate.m */,
				317147A41F5FE349001ED7EB /* ViewController.h */,
				317147A51F5FE349001ED7EB /* ViewController.m */,
				31AE80301F62675700531E54 /* Model.h */,
				31AE80311F62675700531E54 /* Model.m */,
				317147A71F5FE349001ED7EB /* Main.storyboard */,
				317147AA1F5FE349001ED7EB /* Assets.xcassets */,
				317147AC1F5FE349001ED7EB /* LaunchScreen.storyboard */,
				317147AF1F5FE349001ED7EB /* Info.plist */,
				3171479E1F5FE349001ED7EB /* Supporting Files */,
			);
			path = Example;
			sourceTree = "<group>";
		};
		3171479E1F5FE349001ED7EB /* Supporting Files */ = {
			isa = PBXGroup;
			children = (
				319161F01F67DD8F005C0B51 /* arrowTexture.png */,
				3179FF3F1F667C0500885601 /* startAnnoImage@2x.png */,
				3179FF3B1F667BFD00885601 /* homePage_wholeAnchor@2x.png */,
				3179FF3C1F667BFD00885601 /* HomePage_anchorBackground@2x.png */,
				3179FF371F667B6D00885601 /* startPoint@2x.png */,
				3179FF381F667B6D00885601 /* endPoint@2x.png */,
				3171479F1F5FE349001ED7EB /* main.m */,
			);
			name = "Supporting Files";
			sourceTree = "<group>";
		};
		317147B71F5FE34A001ED7EB /* ExampleTests */ = {
			isa = PBXGroup;
			children = (
				317147B81F5FE34A001ED7EB /* ExampleTests.m */,
				317147BA1F5FE34A001ED7EB /* Info.plist */,
			);
			path = ExampleTests;
			sourceTree = "<group>";
		};
		317147C31F5FE398001ED7EB /* JanyMapManager */ = {
			isa = PBXGroup;
			children = (
				317147C41F5FE398001ED7EB /* Base */,
			);
			name = JanyMapManager;
			path = ../../JanyMapManager;
			sourceTree = "<group>";
		};
		317147C41F5FE398001ED7EB /* Base */ = {
			isa = PBXGroup;
			children = (
				317147D31F5FE82B001ED7EB /* JanyBaseMapView.h */,
				317147D41F5FE82B001ED7EB /* JanyBaseMapView.m */,
				317147C51F5FE398001ED7EB /* Baidu */,
				317147C61F5FE398001ED7EB /* Google */,
				317147C71F5FE398001ED7EB /* MAMap */,
				317147C81F5FE398001ED7EB /* Tools */,
			);
			path = Base;
			sourceTree = "<group>";
		};
		317147C51F5FE398001ED7EB /* Baidu */ = {
			isa = PBXGroup;
			children = (
				317147D61F5FE83F001ED7EB /* JanyBaiduMapView.h */,
				317147D71F5FE83F001ED7EB /* JanyBaiduMapView.m */,
				317B8DC61F60D3460069BEA1 /* UserLocation.h */,
				317B8DC71F60D3460069BEA1 /* UserLocation.m */,
				317B8DCF1F61260A0069BEA1 /* JanyGeoCodeSearch.h */,
				317B8DD01F61260A0069BEA1 /* JanyGeoCodeSearch.m */,
				317B8DD21F6137D10069BEA1 /* PointAnnotation.h */,
				317B8DD31F6137D10069BEA1 /* PointAnnotation.m */,
				31AE80331F627B5F00531E54 /* GuiJiAnnotation.h */,
				31AE80341F627B5F00531E54 /* GuiJiAnnotation.m */,
				319161E71F677205005C0B51 /* MovePointAnnotation.h */,
				319161E81F677205005C0B51 /* MovePointAnnotation.m */,
				319161ED1F67D74D005C0B51 /* FenceCentreAnnotation.h */,
				319161EE1F67D74D005C0B51 /* FenceCentreAnnotation.m */,
				31AE802D1F6230D500531E54 /* PaopaoCustomView.h */,
				31AE802E1F6230D500531E54 /* PaopaoCustomView.m */,
				319161E41F6770FE005C0B51 /* MovePolyline.h */,
				319161E51F6770FE005C0B51 /* MovePolyline.m */,
				319161EA1F677C2A005C0B51 /* DVPinAnnotationView.h */,
				319161EB1F677C2A005C0B51 /* DVPinAnnotationView.m */,
				31A8BBE91F68BB800027A107 /* Cluster */,
			);
			path = Baidu;
			sourceTree = "<group>";
		};
		317147C61F5FE398001ED7EB /* Google */ = {
			isa = PBXGroup;
			children = (
				317147D91F5FE84B001ED7EB /* JanyGoogleMapView.h */,
				317147DA1F5FE84B001ED7EB /* JanyGoogleMapView.m */,
			);
			path = Google;
			sourceTree = "<group>";
		};
		317147C71F5FE398001ED7EB /* MAMap */ = {
			isa = PBXGroup;
			children = (
				317147DC1F5FE850001ED7EB /* JanyMAMapMapView.h */,
				317147DD1F5FE850001ED7EB /* JanyMAMapMapView.m */,
			);
			path = MAMap;
			sourceTree = "<group>";
		};
		317147C81F5FE398001ED7EB /* Tools */ = {
			isa = PBXGroup;
			children = (
				317B8DCC1F6118B70069BEA1 /* JZLocationConverter.h */,
				317B8DCD1F6118B70069BEA1 /* JZLocationConverter.m */,
			);
			path = Tools;
			sourceTree = "<group>";
		};
		317147C91F5FE59D001ED7EB /* Podspec Metadata */ = {
			isa = PBXGroup;
			children = (
				317147CA1F5FE5B6001ED7EB /* JanyMapManager.podspec */,
				317147CB1F5FE5B6001ED7EB /* LICENSE */,
				317147CC1F5FE5B6001ED7EB /* README.md */,
			);
			name = "Podspec Metadata";
			sourceTree = "<group>";
		};
		31A8BBE91F68BB800027A107 /* Cluster */ = {
			isa = PBXGroup;
			children = (
				31A8BBEA1F68BB800027A107 /* BMKClusterAlgorithm.h */,
				31A8BBEB1F68BB800027A107 /* BMKClusterAlgorithm.m */,
				31A8BBEC1F68BB800027A107 /* BMKClusterItem.h */,
				31A8BBED1F68BB800027A107 /* BMKClusterItem.m */,
				31A8BBEE1F68BB800027A107 /* BMKClusterManager.h */,
				31A8BBEF1F68BB800027A107 /* BMKClusterManager.m */,
				31A8BBF01F68BB800027A107 /* BMKClusterQuadtree.h */,
				31A8BBF11F68BB800027A107 /* BMKClusterQuadtree.m */,
			);
			path = Cluster;
			sourceTree = "<group>";
		};
		53028841E145E652FD92383F /* Pods */ = {
			isa = PBXGroup;
			children = (
				933CB4C5C5CBF9CF6838CE75 /* Pods-Example.debug.xcconfig */,
				2C01A434AD42BB70913B8682 /* Pods-Example.release.xcconfig */,
			);
			name = Pods;
			sourceTree = "<group>";
		};
		CC2333D380B22C9428EA44BC /* Frameworks */ = {
			isa = PBXGroup;
			children = (
				6A5710FD652FCDB7447334B7 /* libPods-Example.a */,
			);
			name = Frameworks;
			sourceTree = "<group>";
		};
/* End PBXGroup section */

/* Begin PBXNativeTarget section */
		3171479A1F5FE349001ED7EB /* Example */ = {
			isa = PBXNativeTarget;
			buildConfigurationList = 317147BD1F5FE34A001ED7EB /* Build configuration list for PBXNativeTarget "Example" */;
			buildPhases = (
				624A12151E14884CAB9B171B /* [CP] Check Pods Manifest.lock */,
				317147971F5FE349001ED7EB /* Sources */,
				317147981F5FE349001ED7EB /* Frameworks */,
				317147991F5FE349001ED7EB /* Resources */,
				A7B08DD65F21A6C81F0115E0 /* [CP] Embed Pods Frameworks */,
				39F81871D14FEEF94367E702 /* [CP] Copy Pods Resources */,
			);
			buildRules = (
			);
			dependencies = (
			);
			name = Example;
			productName = Example;
			productReference = 3171479B1F5FE349001ED7EB /* Example.app */;
			productType = "com.apple.product-type.application";
		};
		317147B31F5FE349001ED7EB /* ExampleTests */ = {
			isa = PBXNativeTarget;
			buildConfigurationList = 317147C01F5FE34A001ED7EB /* Build configuration list for PBXNativeTarget "ExampleTests" */;
			buildPhases = (
				317147B01F5FE349001ED7EB /* Sources */,
				317147B11F5FE349001ED7EB /* Frameworks */,
				317147B21F5FE349001ED7EB /* Resources */,
			);
			buildRules = (
			);
			dependencies = (
				317147B61F5FE34A001ED7EB /* PBXTargetDependency */,
			);
			name = ExampleTests;
			productName = ExampleTests;
			productReference = 317147B41F5FE34A001ED7EB /* ExampleTests.xctest */;
			productType = "com.apple.product-type.bundle.unit-test";
		};
/* End PBXNativeTarget section */

/* Begin PBXProject section */
		317147931F5FE349001ED7EB /* Project object */ = {
			isa = PBXProject;
			attributes = {
				LastUpgradeCheck = 0820;
				ORGANIZATIONNAME = apple;
				TargetAttributes = {
					3171479A1F5FE349001ED7EB = {
						CreatedOnToolsVersion = 8.2.1;
						DevelopmentTeam = W74YV9GZDZ;
						ProvisioningStyle = Automatic;
					};
					317147B31F5FE349001ED7EB = {
						CreatedOnToolsVersion = 8.2.1;
						DevelopmentTeam = W74YV9GZDZ;
						ProvisioningStyle = Automatic;
						TestTargetID = 3171479A1F5FE349001ED7EB;
					};
				};
			};
			buildConfigurationList = 317147961F5FE349001ED7EB /* Build configuration list for PBXProject "Example" */;
			compatibilityVersion = "Xcode 3.2";
			developmentRegion = English;
			hasScannedForEncodings = 0;
			knownRegions = (
				en,
				Base,
			);
			mainGroup = 317147921F5FE349001ED7EB;
			productRefGroup = 3171479C1F5FE349001ED7EB /* Products */;
			projectDirPath = "";
			projectRoot = "";
			targets = (
				3171479A1F5FE349001ED7EB /* Example */,
				317147B31F5FE349001ED7EB /* ExampleTests */,
			);
		};
/* End PBXProject section */

/* Begin PBXResourcesBuildPhase section */
		317147991F5FE349001ED7EB /* Resources */ = {
			isa = PBXResourcesBuildPhase;
			buildActionMask = 2147483647;
			files = (
				3179FF3E1F667BFD00885601 /* HomePage_anchorBackground@2x.png in Resources */,
				3179FF391F667B6D00885601 /* startPoint@2x.png in Resources */,
				317147AE1F5FE349001ED7EB /* LaunchScreen.storyboard in Resources */,
				3179FF401F667C0500885601 /* startAnnoImage@2x.png in Resources */,
				3179FF3A1F667B6D00885601 /* endPoint@2x.png in Resources */,
				317147CD1F5FE5B6001ED7EB /* JanyMapManager.podspec in Resources */,
				317147AB1F5FE349001ED7EB /* Assets.xcassets in Resources */,
				317147A91F5FE349001ED7EB /* Main.storyboard in Resources */,
				317147CF1F5FE5B6001ED7EB /* LICENSE in Resources */,
				319161F11F67DD8F005C0B51 /* arrowTexture.png in Resources */,
				3179FF3D1F667BFD00885601 /* homePage_wholeAnchor@2x.png in Resources */,
			);
			runOnlyForDeploymentPostprocessing = 0;
		};
		317147B21F5FE349001ED7EB /* Resources */ = {
			isa = PBXResourcesBuildPhase;
			buildActionMask = 2147483647;
			files = (
				317147D01F5FE5B6001ED7EB /* LICENSE in Resources */,
				317147CE1F5FE5B6001ED7EB /* JanyMapManager.podspec in Resources */,
			);
			runOnlyForDeploymentPostprocessing = 0;
		};
/* End PBXResourcesBuildPhase section */

/* Begin PBXShellScriptBuildPhase section */
		39F81871D14FEEF94367E702 /* [CP] Copy Pods Resources */ = {
			isa = PBXShellScriptBuildPhase;
			buildActionMask = 2147483647;
			files = (
			);
			inputPaths = (
				"${SRCROOT}/Pods/Target Support Files/Pods-Example/Pods-Example-resources.sh",
				"${PODS_ROOT}/BaiduMapKit/BaiduMapKit/BaiduMapAPI_Map.framework/Resources/mapapi.bundle",
				"${PODS_ROOT}/GoogleMaps/Maps/Frameworks/GoogleMaps.framework/Resources/GoogleMaps.bundle",
			);
			name = "[CP] Copy Pods Resources";
			outputPaths = (
				"${TARGET_BUILD_DIR}/${UNLOCALIZED_RESOURCES_FOLDER_PATH}",
			);
			runOnlyForDeploymentPostprocessing = 0;
			shellPath = /bin/sh;
			shellScript = "\"${SRCROOT}/Pods/Target Support Files/Pods-Example/Pods-Example-resources.sh\"\n";
			showEnvVarsInLog = 0;
		};
		624A12151E14884CAB9B171B /* [CP] Check Pods Manifest.lock */ = {
			isa = PBXShellScriptBuildPhase;
			buildActionMask = 2147483647;
			files = (
			);
			inputPaths = (
				"${PODS_PODFILE_DIR_PATH}/Podfile.lock",
				"${PODS_ROOT}/Manifest.lock",
			);
			name = "[CP] Check Pods Manifest.lock";
			outputPaths = (
				"$(DERIVED_FILE_DIR)/Pods-Example-checkManifestLockResult.txt",
			);
			runOnlyForDeploymentPostprocessing = 0;
			shellPath = /bin/sh;
			shellScript = "diff \"${PODS_PODFILE_DIR_PATH}/Podfile.lock\" \"${PODS_ROOT}/Manifest.lock\" > /dev/null\nif [ $? != 0 ] ; then\n    # print error to STDERR\n    echo \"error: The sandbox is not in sync with the Podfile.lock. Run 'pod install' or update your CocoaPods installation.\" >&2\n    exit 1\nfi\n# This output is used by Xcode 'outputs' to avoid re-running this script phase.\necho \"SUCCESS\" > \"${SCRIPT_OUTPUT_FILE_0}\"\n";
			showEnvVarsInLog = 0;
		};
		A7B08DD65F21A6C81F0115E0 /* [CP] Embed Pods Frameworks */ = {
			isa = PBXShellScriptBuildPhase;
			buildActionMask = 2147483647;
			files = (
			);
			inputPaths = (
			);
			name = "[CP] Embed Pods Frameworks";
			outputPaths = (
			);
			runOnlyForDeploymentPostprocessing = 0;
			shellPath = /bin/sh;
			shellScript = "\"${SRCROOT}/Pods/Target Support Files/Pods-Example/Pods-Example-frameworks.sh\"\n";
			showEnvVarsInLog = 0;
		};
/* End PBXShellScriptBuildPhase section */

/* Begin PBXSourcesBuildPhase section */
		317147971F5FE349001ED7EB /* Sources */ = {
			isa = PBXSourcesBuildPhase;
			buildActionMask = 2147483647;
			files = (
				317B8DD11F61260A0069BEA1 /* JanyGeoCodeSearch.m in Sources */,
				317147A61F5FE349001ED7EB /* ViewController.m in Sources */,
				31AE80351F627B5F00531E54 /* GuiJiAnnotation.m in Sources */,
				317147D81F5FE83F001ED7EB /* JanyBaiduMapView.m in Sources */,
				319161EF1F67D74D005C0B51 /* FenceCentreAnnotation.m in Sources */,
				31A8BBF41F68BB800027A107 /* BMKClusterManager.m in Sources */,
				317B8DC81F60D3460069BEA1 /* UserLocation.m in Sources */,
				31A8BBF51F68BB800027A107 /* BMKClusterQuadtree.m in Sources */,
				317B8DCE1F6118B70069BEA1 /* JZLocationConverter.m in Sources */,
				319161E91F677205005C0B51 /* MovePointAnnotation.m in Sources */,
				317B8DD41F6137D10069BEA1 /* PointAnnotation.m in Sources */,
				317147A31F5FE349001ED7EB /* AppDelegate.m in Sources */,
				317147DB1F5FE84B001ED7EB /* JanyGoogleMapView.m in Sources */,
				317147DE1F5FE851001ED7EB /* JanyMAMapMapView.m in Sources */,
				317147D11F5FE5B6001ED7EB /* README.md in Sources */,
				317147A01F5FE349001ED7EB /* main.m in Sources */,
				319161E61F6770FE005C0B51 /* MovePolyline.m in Sources */,
				31A8BBF21F68BB800027A107 /* BMKClusterAlgorithm.m in Sources */,
				31A8BBF31F68BB800027A107 /* BMKClusterItem.m in Sources */,
				31AE80321F62675700531E54 /* Model.m in Sources */,
				31AE802F1F6230D500531E54 /* PaopaoCustomView.m in Sources */,
				317147D51F5FE82B001ED7EB /* JanyBaseMapView.m in Sources */,
				319161EC1F677C2A005C0B51 /* DVPinAnnotationView.m in Sources */,
			);
			runOnlyForDeploymentPostprocessing = 0;
		};
		317147B01F5FE349001ED7EB /* Sources */ = {
			isa = PBXSourcesBuildPhase;
			buildActionMask = 2147483647;
			files = (
				317147D21F5FE5B6001ED7EB /* README.md in Sources */,
				317147B91F5FE34A001ED7EB /* ExampleTests.m in Sources */,
			);
			runOnlyForDeploymentPostprocessing = 0;
		};
/* End PBXSourcesBuildPhase section */

/* Begin PBXTargetDependency section */
		317147B61F5FE34A001ED7EB /* PBXTargetDependency */ = {
			isa = PBXTargetDependency;
			target = 3171479A1F5FE349001ED7EB /* Example */;
			targetProxy = 317147B51F5FE34A001ED7EB /* PBXContainerItemProxy */;
		};
/* End PBXTargetDependency section */

/* Begin PBXVariantGroup section */
		317147A71F5FE349001ED7EB /* Main.storyboard */ = {
			isa = PBXVariantGroup;
			children = (
				317147A81F5FE349001ED7EB /* Base */,
			);
			name = Main.storyboard;
			sourceTree = "<group>";
		};
		317147AC1F5FE349001ED7EB /* LaunchScreen.storyboard */ = {
			isa = PBXVariantGroup;
			children = (
				317147AD1F5FE349001ED7EB /* Base */,
			);
			name = LaunchScreen.storyboard;
			sourceTree = "<group>";
		};
/* End PBXVariantGroup section */

/* Begin XCBuildConfiguration section */
		317147BB1F5FE34A001ED7EB /* Debug */ = {
			isa = XCBuildConfiguration;
			buildSettings = {
				ALWAYS_SEARCH_USER_PATHS = NO;
				CLANG_ANALYZER_NONNULL = YES;
				CLANG_CXX_LANGUAGE_STANDARD = "gnu++0x";
				CLANG_CXX_LIBRARY = "libc++";
				CLANG_ENABLE_MODULES = YES;
				CLANG_ENABLE_OBJC_ARC = YES;
				CLANG_WARN_BOOL_CONVERSION = YES;
				CLANG_WARN_CONSTANT_CONVERSION = YES;
				CLANG_WARN_DIRECT_OBJC_ISA_USAGE = YES_ERROR;
				CLANG_WARN_DOCUMENTATION_COMMENTS = YES;
				CLANG_WARN_EMPTY_BODY = YES;
				CLANG_WARN_ENUM_CONVERSION = YES;
				CLANG_WARN_INFINITE_RECURSION = YES;
				CLANG_WARN_INT_CONVERSION = YES;
				CLANG_WARN_OBJC_ROOT_CLASS = YES_ERROR;
				CLANG_WARN_SUSPICIOUS_MOVE = YES;
				CLANG_WARN_UNREACHABLE_CODE = YES;
				CLANG_WARN__DUPLICATE_METHOD_MATCH = YES;
				"CODE_SIGN_IDENTITY[sdk=iphoneos*]" = "iPhone Developer";
				COPY_PHASE_STRIP = NO;
				DEBUG_INFORMATION_FORMAT = dwarf;
				ENABLE_STRICT_OBJC_MSGSEND = YES;
				ENABLE_TESTABILITY = YES;
				GCC_C_LANGUAGE_STANDARD = gnu99;
				GCC_DYNAMIC_NO_PIC = NO;
				GCC_NO_COMMON_BLOCKS = YES;
				GCC_OPTIMIZATION_LEVEL = 0;
				GCC_PREPROCESSOR_DEFINITIONS = (
					"DEBUG=1",
					"$(inherited)",
				);
				GCC_WARN_64_TO_32_BIT_CONVERSION = YES;
				GCC_WARN_ABOUT_RETURN_TYPE = YES_ERROR;
				GCC_WARN_UNDECLARED_SELECTOR = YES;
				GCC_WARN_UNINITIALIZED_AUTOS = YES_AGGRESSIVE;
				GCC_WARN_UNUSED_FUNCTION = YES;
				GCC_WARN_UNUSED_VARIABLE = YES;
				IPHONEOS_DEPLOYMENT_TARGET = 10.2;
				MTL_ENABLE_DEBUG_INFO = YES;
				ONLY_ACTIVE_ARCH = YES;
				SDKROOT = iphoneos;
			};
			name = Debug;
		};
		317147BC1F5FE34A001ED7EB /* Release */ = {
			isa = XCBuildConfiguration;
			buildSettings = {
				ALWAYS_SEARCH_USER_PATHS = NO;
				CLANG_ANALYZER_NONNULL = YES;
				CLANG_CXX_LANGUAGE_STANDARD = "gnu++0x";
				CLANG_CXX_LIBRARY = "libc++";
				CLANG_ENABLE_MODULES = YES;
				CLANG_ENABLE_OBJC_ARC = YES;
				CLANG_WARN_BOOL_CONVERSION = YES;
				CLANG_WARN_CONSTANT_CONVERSION = YES;
				CLANG_WARN_DIRECT_OBJC_ISA_USAGE = YES_ERROR;
				CLANG_WARN_DOCUMENTATION_COMMENTS = YES;
				CLANG_WARN_EMPTY_BODY = YES;
				CLANG_WARN_ENUM_CONVERSION = YES;
				CLANG_WARN_INFINITE_RECURSION = YES;
				CLANG_WARN_INT_CONVERSION = YES;
				CLANG_WARN_OBJC_ROOT_CLASS = YES_ERROR;
				CLANG_WARN_SUSPICIOUS_MOVE = YES;
				CLANG_WARN_UNREACHABLE_CODE = YES;
				CLANG_WARN__DUPLICATE_METHOD_MATCH = YES;
				"CODE_SIGN_IDENTITY[sdk=iphoneos*]" = "iPhone Developer";
				COPY_PHASE_STRIP = NO;
				DEBUG_INFORMATION_FORMAT = "dwarf-with-dsym";
				ENABLE_NS_ASSERTIONS = NO;
				ENABLE_STRICT_OBJC_MSGSEND = YES;
				GCC_C_LANGUAGE_STANDARD = gnu99;
				GCC_NO_COMMON_BLOCKS = YES;
				GCC_WARN_64_TO_32_BIT_CONVERSION = YES;
				GCC_WARN_ABOUT_RETURN_TYPE = YES_ERROR;
				GCC_WARN_UNDECLARED_SELECTOR = YES;
				GCC_WARN_UNINITIALIZED_AUTOS = YES_AGGRESSIVE;
				GCC_WARN_UNUSED_FUNCTION = YES;
				GCC_WARN_UNUSED_VARIABLE = YES;
				IPHONEOS_DEPLOYMENT_TARGET = 10.2;
				MTL_ENABLE_DEBUG_INFO = NO;
				SDKROOT = iphoneos;
				VALIDATE_PRODUCT = YES;
			};
			name = Release;
		};
		317147BE1F5FE34A001ED7EB /* Debug */ = {
			isa = XCBuildConfiguration;
			baseConfigurationReference = 933CB4C5C5CBF9CF6838CE75 /* Pods-Example.debug.xcconfig */;
			buildSettings = {
				ASSETCATALOG_COMPILER_APPICON_NAME = AppIcon;
				"CODE_SIGN_IDENTITY[sdk=iphoneos*]" = "iPhone Developer";
				DEVELOPMENT_TEAM = W74YV9GZDZ;
				INFOPLIST_FILE = Example/Info.plist;
				IPHONEOS_DEPLOYMENT_TARGET = 8.0;
				LD_RUNPATH_SEARCH_PATHS = "$(inherited) @executable_path/Frameworks";
				PRODUCT_BUNDLE_IDENTIFIER = com.ITIOT.iLe;
				PRODUCT_NAME = "$(TARGET_NAME)";
				PROVISIONING_PROFILE = "";
				PROVISIONING_PROFILE_SPECIFIER = "";
			};
			name = Debug;
		};
		317147BF1F5FE34A001ED7EB /* Release */ = {
			isa = XCBuildConfiguration;
			baseConfigurationReference = 2C01A434AD42BB70913B8682 /* Pods-Example.release.xcconfig */;
			buildSettings = {
				ASSETCATALOG_COMPILER_APPICON_NAME = AppIcon;
				"CODE_SIGN_IDENTITY[sdk=iphoneos*]" = "iPhone Developer";
				DEVELOPMENT_TEAM = W74YV9GZDZ;
				INFOPLIST_FILE = Example/Info.plist;
				IPHONEOS_DEPLOYMENT_TARGET = 8.0;
				LD_RUNPATH_SEARCH_PATHS = "$(inherited) @executable_path/Frameworks";
				PRODUCT_BUNDLE_IDENTIFIER = com.ITIOT.iLe;
				PRODUCT_NAME = "$(TARGET_NAME)";
			};
			name = Release;
		};
		317147C11F5FE34A001ED7EB /* Debug */ = {
			isa = XCBuildConfiguration;
			buildSettings = {
				BUNDLE_LOADER = "$(TEST_HOST)";
				DEVELOPMENT_TEAM = W74YV9GZDZ;
				INFOPLIST_FILE = ExampleTests/Info.plist;
				LD_RUNPATH_SEARCH_PATHS = "$(inherited) @executable_path/Frameworks @loader_path/Frameworks";
				PRODUCT_BUNDLE_IDENTIFIER = LeYuan.ExampleTests;
				PRODUCT_NAME = "$(TARGET_NAME)";
				TEST_HOST = "$(BUILT_PRODUCTS_DIR)/Example.app/Example";
			};
			name = Debug;
		};
		317147C21F5FE34A001ED7EB /* Release */ = {
			isa = XCBuildConfiguration;
			buildSettings = {
				BUNDLE_LOADER = "$(TEST_HOST)";
				DEVELOPMENT_TEAM = W74YV9GZDZ;
				INFOPLIST_FILE = ExampleTests/Info.plist;
				LD_RUNPATH_SEARCH_PATHS = "$(inherited) @executable_path/Frameworks @loader_path/Frameworks";
				PRODUCT_BUNDLE_IDENTIFIER = LeYuan.ExampleTests;
				PRODUCT_NAME = "$(TARGET_NAME)";
				TEST_HOST = "$(BUILT_PRODUCTS_DIR)/Example.app/Example";
			};
			name = Release;
		};
/* End XCBuildConfiguration section */

/* Begin XCConfigurationList section */
		317147961F5FE349001ED7EB /* Build configuration list for PBXProject "Example" */ = {
			isa = XCConfigurationList;
			buildConfigurations = (
				317147BB1F5FE34A001ED7EB /* Debug */,
				317147BC1F5FE34A001ED7EB /* Release */,
			);
			defaultConfigurationIsVisible = 0;
			defaultConfigurationName = Release;
		};
		317147BD1F5FE34A001ED7EB /* Build configuration list for PBXNativeTarget "Example" */ = {
			isa = XCConfigurationList;
			buildConfigurations = (
				317147BE1F5FE34A001ED7EB /* Debug */,
				317147BF1F5FE34A001ED7EB /* Release */,
			);
			defaultConfigurationIsVisible = 0;
			defaultConfigurationName = Release;
		};
		317147C01F5FE34A001ED7EB /* Build configuration list for PBXNativeTarget "ExampleTests" */ = {
			isa = XCConfigurationList;
			buildConfigurations = (
				317147C11F5FE34A001ED7EB /* Debug */,
				317147C21F5FE34A001ED7EB /* Release */,
			);
			defaultConfigurationIsVisible = 0;
			defaultConfigurationName = Release;
		};
/* End XCConfigurationList section */
	};
	rootObject = 317147931F5FE349001ED7EB /* Project object */;
}
